{
  "version": 4,
  "terraform_version": "1.6.6",
  "serial": 137,
  "lineage": "92b4a6eb-4cdc-d056-e95d-048f3124ae09",
  "outputs": {},
  "resources": [
    {
      "mode": "managed",
      "type": "google_storage_bucket_object",
      "name": "object",
      "provider": "provider[\"registry.terraform.io/hashicorp/google\"]",
      "instances": [
        {
          "schema_version": 0,
          "attributes": {
            "bucket": "storage_dataproc-function",
            "cache_control": "",
            "content": null,
            "content_disposition": "",
            "content_encoding": "",
            "content_language": "",
            "content_type": "text/plain; charset=utf-8",
            "crc32c": "PEVoWw==",
            "customer_encryption": [],
            "detect_md5hash": "/wAHK78ndJNo4ag2+VCa2g==",
            "event_based_hold": false,
            "id": "storage_dataproc-function-jobs.py",
            "kms_key_name": "",
            "md5hash": "/wAHK78ndJNo4ag2+VCa2g==",
            "media_link": "https://storage.googleapis.com/download/storage/v1/b/storage_dataproc-function/o/jobs.py?generation=1702809751386151\u0026alt=media",
            "metadata": {},
            "name": "jobs.py",
            "output_name": "jobs.py",
            "retention": [],
            "self_link": "https://www.googleapis.com/storage/v1/b/storage_dataproc-function/o/jobs.py",
            "source": "./src/jobs/spark/jobs.py",
            "storage_class": "STANDARD",
            "temporary_hold": false,
            "timeouts": null
          },
          "sensitive_attributes": [],
          "private": "eyJlMmJmYjczMC1lY2FhLTExZTYtOGY4OC0zNDM2M2JjN2M0YzAiOnsiY3JlYXRlIjoyNDAwMDAwMDAwMDAsImRlbGV0ZSI6MjQwMDAwMDAwMDAwLCJ1cGRhdGUiOjI0MDAwMDAwMDAwMH19",
          "dependencies": [
            "module.storage_dataproc_function.google_storage_bucket.function_bucket"
          ]
        }
      ]
    },
    {
      "module": "module.big_querry_dataset",
      "mode": "managed",
      "type": "google_bigquery_dataset",
      "name": "default",
      "provider": "provider[\"registry.terraform.io/hashicorp/google\"]",
      "instances": [
        {
          "schema_version": 0,
          "attributes": {
            "access": [
              {
                "dataset": [],
                "domain": "",
                "group_by_email": "",
                "iam_member": "",
                "role": "OWNER",
                "routine": [],
                "special_group": "",
                "user_by_email": "terraform@nodale.iam.gserviceaccount.com",
                "view": []
              },
              {
                "dataset": [],
                "domain": "",
                "group_by_email": "",
                "iam_member": "",
                "role": "OWNER",
                "routine": [],
                "special_group": "projectOwners",
                "user_by_email": "",
                "view": []
              },
              {
                "dataset": [],
                "domain": "",
                "group_by_email": "",
                "iam_member": "",
                "role": "READER",
                "routine": [],
                "special_group": "projectReaders",
                "user_by_email": "",
                "view": []
              },
              {
                "dataset": [],
                "domain": "",
                "group_by_email": "",
                "iam_member": "",
                "role": "WRITER",
                "routine": [],
                "special_group": "projectWriters",
                "user_by_email": "",
                "view": []
              }
            ],
            "creation_time": 1702759865992,
            "dataset_id": "crime_dataset",
            "default_collation": "",
            "default_encryption_configuration": [],
            "default_partition_expiration_ms": 0,
            "default_table_expiration_ms": 3600000,
            "delete_contents_on_destroy": false,
            "description": "Crime dataset",
            "effective_labels": {
              "env": "default"
            },
            "etag": "kd63v3K6FQWfYs+ydHlQGQ==",
            "friendly_name": "crime_dataset",
            "id": "projects/nodale/datasets/crime_dataset",
            "is_case_insensitive": false,
            "labels": {
              "env": "default"
            },
            "last_modified_time": 1702759865992,
            "location": "europe-west3",
            "max_time_travel_hours": "",
            "project": "nodale",
            "self_link": "https://bigquery.googleapis.com/bigquery/v2/projects/nodale/datasets/crime_dataset",
            "storage_billing_model": "",
            "terraform_labels": {
              "env": "default"
            },
            "timeouts": null
          },
          "sensitive_attributes": [],
          "private": "eyJlMmJmYjczMC1lY2FhLTExZTYtOGY4OC0zNDM2M2JjN2M0YzAiOnsiY3JlYXRlIjoxMjAwMDAwMDAwMDAwLCJkZWxldGUiOjEyMDAwMDAwMDAwMDAsInVwZGF0ZSI6MTIwMDAwMDAwMDAwMH19"
        }
      ]
    },
    {
      "module": "module.dataflow_function",
      "mode": "data",
      "type": "archive_file",
      "name": "source",
      "provider": "provider[\"registry.terraform.io/hashicorp/archive\"]",
      "instances": [
        {
          "schema_version": 0,
          "attributes": {
            "exclude_symlink_directories": null,
            "excludes": null,
            "id": "e2cd4677cb72ed489705dd81a509a211e982906a",
            "output_base64sha256": "TKTU8Dk3Oj5ssInIpiqGkY7VdP73/6pj1j5C1HXwKi0=",
            "output_base64sha512": "KdDdwJ064/hho74EHV7I21/YlhMpK2VAP1lBzid88izCK9S7VGeTl3mjBaJ+avLv9osy7VoprtvkDABeowm/lA==",
            "output_file_mode": null,
            "output_md5": "d35157c542a877fb4af2c7b05d2acae5",
            "output_path": "./tmp/function_dataflow/function.zip",
            "output_sha": "e2cd4677cb72ed489705dd81a509a211e982906a",
            "output_sha256": "4ca4d4f039373a3e6cb089c8a62a86918ed574fef7ffaa63d63e42d475f02a2d",
            "output_sha512": "29d0ddc09d3ae3f861a3be041d5ec8db5fd89613292b65403f5941ce277cf22cc22bd4bb5467939779a305a27e6af2eff68b32ed5a29aedbe40c005ea309bf94",
            "output_size": 637,
            "source": [],
            "source_content": null,
            "source_content_filename": null,
            "source_dir": "./src/function/src_dataflow",
            "source_file": null,
            "type": "zip"
          },
          "sensitive_attributes": []
        }
      ]
    },
    {
      "module": "module.dataflow_function",
      "mode": "managed",
      "type": "google_cloudfunctions2_function",
      "name": "function",
      "provider": "provider[\"registry.terraform.io/hashicorp/google\"]",
      "instances": [
        {
          "schema_version": 0,
          "attributes": {
            "build_config": [
              {
                "build": "projects/868991266432/locations/europe-west3/builds/4e16d4a3-163c-42db-9de8-18b93c14411c",
                "docker_repository": "",
                "entry_point": "dataproc_activation",
                "environment_variables": {},
                "runtime": "python311",
                "source": [
                  {
                    "repo_source": [],
                    "storage_source": [
                      {
                        "bucket": "storage_cloud_function",
                        "generation": 1702809921547039,
                        "object": "src-d35157c542a877fb4af2c7b05d2acae5.zip"
                      }
                    ]
                  }
                ],
                "worker_pool": ""
              }
            ],
            "description": "Triggered by a HTTP event",
            "effective_labels": {},
            "environment": "GEN_2",
            "event_trigger": [
              {
                "event_filters": [],
                "event_type": "google.cloud.pubsub.topic.v1.messagePublished",
                "pubsub_topic": "projects/nodale/topics/pubsub-start",
                "retry_policy": "RETRY_POLICY_RETRY",
                "service_account_email": "868991266432-compute@developer.gserviceaccount.com",
                "trigger": "projects/nodale/locations/europe-west3/triggers/dataflow-function-410192",
                "trigger_region": "europe-west3"
              }
            ],
            "id": "projects/nodale/locations/europe-west3/functions/dataflow-function",
            "kms_key_name": "",
            "labels": {},
            "location": "europe-west3",
            "name": "dataflow-function",
            "project": "nodale",
            "service_config": [
              {
                "all_traffic_on_latest_revision": true,
                "available_cpu": "0.1666",
                "available_memory": "256M",
                "environment_variables": {},
                "gcf_uri": "",
                "ingress_settings": "ALLOW_ALL",
                "max_instance_count": 100,
                "max_instance_request_concurrency": 1,
                "min_instance_count": 0,
                "secret_environment_variables": [],
                "secret_volumes": [],
                "service": "projects/nodale/locations/europe-west3/services/dataflow-function",
                "service_account_email": "868991266432-compute@developer.gserviceaccount.com",
                "timeout_seconds": 60,
                "uri": "https://dataflow-function-e6w5lvbsda-ey.a.run.app",
                "vpc_connector": "",
                "vpc_connector_egress_settings": ""
              }
            ],
            "state": "ACTIVE",
            "terraform_labels": {},
            "timeouts": null,
            "update_time": "2023-12-17T10:45:56.314198562Z",
            "url": "https://europe-west3-nodale.cloudfunctions.net/dataflow-function"
          },
          "sensitive_attributes": [],
          "private": "eyJlMmJmYjczMC1lY2FhLTExZTYtOGY4OC0zNDM2M2JjN2M0YzAiOnsiY3JlYXRlIjozNjAwMDAwMDAwMDAwLCJkZWxldGUiOjM2MDAwMDAwMDAwMDAsInVwZGF0ZSI6MzYwMDAwMDAwMDAwMH19",
          "dependencies": [
            "module.dataflow_function.data.archive_file.source",
            "module.dataflow_function.google_storage_bucket_object.zip",
            "module.pubsub_start.google_pubsub_topic.topic",
            "module.storage_cloud_function.google_storage_bucket.function_bucket",
            "module.storage_crime_processed.google_storage_bucket.function_bucket"
          ]
        }
      ]
    },
    {
      "module": "module.dataflow_function",
      "mode": "managed",
      "type": "google_storage_bucket_object",
      "name": "zip",
      "provider": "provider[\"registry.terraform.io/hashicorp/google\"]",
      "instances": [
        {
          "schema_version": 0,
          "attributes": {
            "bucket": "storage_cloud_function",
            "cache_control": "",
            "content": null,
            "content_disposition": "",
            "content_encoding": "",
            "content_language": "",
            "content_type": "application/zip",
            "crc32c": "JQRrrw==",
            "customer_encryption": [],
            "detect_md5hash": "01FXxUKod/tK8sewXSrK5Q==",
            "event_based_hold": false,
            "id": "storage_cloud_function-src-d35157c542a877fb4af2c7b05d2acae5.zip",
            "kms_key_name": "",
            "md5hash": "01FXxUKod/tK8sewXSrK5Q==",
            "media_link": "https://storage.googleapis.com/download/storage/v1/b/storage_cloud_function/o/src-d35157c542a877fb4af2c7b05d2acae5.zip?generation=1702731949811851\u0026alt=media",
            "metadata": {},
            "name": "src-d35157c542a877fb4af2c7b05d2acae5.zip",
            "output_name": "src-d35157c542a877fb4af2c7b05d2acae5.zip",
            "retention": [],
            "self_link": "https://www.googleapis.com/storage/v1/b/storage_cloud_function/o/src-d35157c542a877fb4af2c7b05d2acae5.zip",
            "source": "./tmp/function_dataflow/function.zip",
            "storage_class": "STANDARD",
            "temporary_hold": false,
            "timeouts": null
          },
          "sensitive_attributes": [],
          "private": "eyJlMmJmYjczMC1lY2FhLTExZTYtOGY4OC0zNDM2M2JjN2M0YzAiOnsiY3JlYXRlIjoyNDAwMDAwMDAwMDAsImRlbGV0ZSI6MjQwMDAwMDAwMDAwLCJ1cGRhdGUiOjI0MDAwMDAwMDAwMH19",
          "dependencies": [
            "module.dataflow_function.data.archive_file.source",
            "module.storage_cloud_function.google_storage_bucket.function_bucket"
          ]
        }
      ]
    },
    {
      "module": "module.dataproc_workflow_function",
      "mode": "managed",
      "type": "google_dataproc_workflow_template",
      "name": "template",
      "provider": "provider[\"registry.terraform.io/hashicorp/google\"]",
      "instances": [
        {
          "schema_version": 1,
          "attributes": {
            "create_time": "2023-12-16T20:06:11.819594Z",
            "dag_timeout": "",
            "effective_labels": {},
            "id": "projects/nodale/locations/europe-west3/workflowTemplates/ncis-workflow-template",
            "jobs": [
              {
                "hadoop_job": [],
                "hive_job": [],
                "labels": {},
                "pig_job": [],
                "prerequisite_step_ids": [],
                "presto_job": [],
                "pyspark_job": [
                  {
                    "archive_uris": [],
                    "args": [],
                    "file_uris": [],
                    "jar_file_uris": [],
                    "logging_config": [],
                    "main_python_file_uri": "gs://storage_dataproc-function/jobs.py",
                    "properties": {
                      "spark.logConf": "true"
                    },
                    "python_file_uris": []
                  }
                ],
                "scheduling": [],
                "spark_job": [],
                "spark_r_job": [],
                "spark_sql_job": [],
                "step_id": "process-crime-data"
              }
            ],
            "labels": {},
            "location": "europe-west3",
            "name": "ncis-workflow-template",
            "parameters": [],
            "placement": [
              {
                "cluster_selector": [],
                "managed_cluster": [
                  {
                    "cluster_name": "crime-cluster",
                    "config": [
                      {
                        "autoscaling_config": [],
                        "encryption_config": [],
                        "endpoint_config": [],
                        "gce_cluster_config": [
                          {
                            "internal_ip_only": false,
                            "metadata": {},
                            "network": "",
                            "node_group_affinity": [],
                            "private_ipv6_google_access": "",
                            "reservation_affinity": [],
                            "service_account": "terraform@nodale.iam.gserviceaccount.com",
                            "service_account_scopes": [],
                            "shielded_instance_config": [],
                            "subnetwork": "",
                            "tags": [
                              "crime",
                              "foo"
                            ],
                            "zone": "europe-west3-b"
                          }
                        ],
                        "initialization_actions": [],
                        "lifecycle_config": [],
                        "master_config": [
                          {
                            "accelerators": [],
                            "disk_config": [
                              {
                                "boot_disk_size_gb": 50,
                                "boot_disk_type": "pd-ssd",
                                "num_local_ssds": 0
                              }
                            ],
                            "image": "",
                            "instance_names": [],
                            "is_preemptible": false,
                            "machine_type": "n1-standard-4",
                            "managed_group_config": [],
                            "min_cpu_platform": "",
                            "num_instances": 1,
                            "preemptibility": ""
                          }
                        ],
                        "secondary_worker_config": [],
                        "security_config": [],
                        "software_config": [
                          {
                            "image_version": "2.0.35-debian10",
                            "optional_components": [],
                            "properties": {}
                          }
                        ],
                        "staging_bucket": "",
                        "temp_bucket": "",
                        "worker_config": [
                          {
                            "accelerators": [],
                            "disk_config": [
                              {
                                "boot_disk_size_gb": 50,
                                "boot_disk_type": "",
                                "num_local_ssds": 2
                              }
                            ],
                            "image": "",
                            "instance_names": [],
                            "is_preemptible": false,
                            "machine_type": "n1-standard-4",
                            "managed_group_config": [],
                            "min_cpu_platform": "",
                            "num_instances": 2,
                            "preemptibility": ""
                          }
                        ]
                      }
                    ],
                    "labels": {}
                  }
                ]
              }
            ],
            "project": "nodale",
            "terraform_labels": {},
            "timeouts": null,
            "update_time": "2023-12-16T20:06:11.819594Z",
            "version": 1
          },
          "sensitive_attributes": [],
          "private": "eyJlMmJmYjczMC1lY2FhLTExZTYtOGY4OC0zNDM2M2JjN2M0YzAiOnsiY3JlYXRlIjoxMjAwMDAwMDAwMDAwLCJkZWxldGUiOjEyMDAwMDAwMDAwMDB9LCJzY2hlbWFfdmVyc2lvbiI6IjEifQ=="
        }
      ]
    },
    {
      "module": "module.pubsub_start",
      "mode": "managed",
      "type": "google_pubsub_topic",
      "name": "topic",
      "provider": "provider[\"registry.terraform.io/hashicorp/google\"]",
      "instances": [
        {
          "schema_version": 0,
          "attributes": {
            "effective_labels": {},
            "id": "projects/nodale/topics/pubsub-start",
            "kms_key_name": "",
            "labels": {},
            "message_retention_duration": "",
            "message_storage_policy": [],
            "name": "pubsub-start",
            "project": "nodale",
            "schema_settings": [],
            "terraform_labels": {},
            "timeouts": null
          },
          "sensitive_attributes": [],
          "private": "eyJlMmJmYjczMC1lY2FhLTExZTYtOGY4OC0zNDM2M2JjN2M0YzAiOnsiY3JlYXRlIjoxMjAwMDAwMDAwMDAwLCJkZWxldGUiOjEyMDAwMDAwMDAwMDAsInVwZGF0ZSI6MTIwMDAwMDAwMDAwMH19"
        }
      ]
    },
    {
      "module": "module.storage_cloud_function",
      "mode": "managed",
      "type": "google_storage_bucket",
      "name": "function_bucket",
      "provider": "provider[\"registry.terraform.io/hashicorp/google\"]",
      "instances": [
        {
          "schema_version": 1,
          "attributes": {
            "autoclass": [],
            "cors": [],
            "custom_placement_config": [],
            "default_event_based_hold": false,
            "effective_labels": {},
            "enable_object_retention": false,
            "encryption": [],
            "force_destroy": false,
            "id": "storage_cloud_function",
            "labels": {},
            "lifecycle_rule": [],
            "location": "EUROPE-WEST3",
            "logging": [],
            "name": "storage_cloud_function",
            "project": "nodale",
            "public_access_prevention": "inherited",
            "requester_pays": false,
            "retention_policy": [],
            "self_link": "https://www.googleapis.com/storage/v1/b/storage_cloud_function",
            "storage_class": "STANDARD",
            "terraform_labels": {},
            "timeouts": null,
            "uniform_bucket_level_access": false,
            "url": "gs://storage_cloud_function",
            "versioning": [],
            "website": []
          },
          "sensitive_attributes": [],
          "private": "eyJlMmJmYjczMC1lY2FhLTExZTYtOGY4OC0zNDM2M2JjN2M0YzAiOnsiY3JlYXRlIjo2MDAwMDAwMDAwMDAsInJlYWQiOjI0MDAwMDAwMDAwMCwidXBkYXRlIjoyNDAwMDAwMDAwMDB9LCJzY2hlbWFfdmVyc2lvbiI6IjEifQ=="
        }
      ]
    },
    {
      "module": "module.storage_crime_processed",
      "mode": "managed",
      "type": "google_storage_bucket",
      "name": "function_bucket",
      "provider": "provider[\"registry.terraform.io/hashicorp/google\"]",
      "instances": [
        {
          "schema_version": 1,
          "attributes": {
            "autoclass": [],
            "cors": [],
            "custom_placement_config": [],
            "default_event_based_hold": false,
            "effective_labels": {},
            "enable_object_retention": false,
            "encryption": [],
            "force_destroy": false,
            "id": "crime_processed_data",
            "labels": {},
            "lifecycle_rule": [],
            "location": "EUROPE-WEST3",
            "logging": [],
            "name": "crime_processed_data",
            "project": "nodale",
            "public_access_prevention": "inherited",
            "requester_pays": false,
            "retention_policy": [],
            "self_link": "https://www.googleapis.com/storage/v1/b/crime_processed_data",
            "storage_class": "STANDARD",
            "terraform_labels": {},
            "timeouts": null,
            "uniform_bucket_level_access": false,
            "url": "gs://crime_processed_data",
            "versioning": [],
            "website": []
          },
          "sensitive_attributes": [],
          "private": "eyJlMmJmYjczMC1lY2FhLTExZTYtOGY4OC0zNDM2M2JjN2M0YzAiOnsiY3JlYXRlIjo2MDAwMDAwMDAwMDAsInJlYWQiOjI0MDAwMDAwMDAwMCwidXBkYXRlIjoyNDAwMDAwMDAwMDB9LCJzY2hlbWFfdmVyc2lvbiI6IjEifQ=="
        }
      ]
    },
    {
      "module": "module.storage_dataproc_function",
      "mode": "managed",
      "type": "google_storage_bucket",
      "name": "function_bucket",
      "provider": "provider[\"registry.terraform.io/hashicorp/google\"]",
      "instances": [
        {
          "schema_version": 1,
          "attributes": {
            "autoclass": [],
            "cors": [],
            "custom_placement_config": [],
            "default_event_based_hold": false,
            "effective_labels": {},
            "enable_object_retention": false,
            "encryption": [],
            "force_destroy": false,
            "id": "storage_dataproc-function",
            "labels": {},
            "lifecycle_rule": [],
            "location": "EUROPE-WEST3",
            "logging": [],
            "name": "storage_dataproc-function",
            "project": "nodale",
            "public_access_prevention": "inherited",
            "requester_pays": false,
            "retention_policy": [],
            "self_link": "https://www.googleapis.com/storage/v1/b/storage_dataproc-function",
            "storage_class": "STANDARD",
            "terraform_labels": {},
            "timeouts": null,
            "uniform_bucket_level_access": false,
            "url": "gs://storage_dataproc-function",
            "versioning": [],
            "website": []
          },
          "sensitive_attributes": [],
          "private": "eyJlMmJmYjczMC1lY2FhLTExZTYtOGY4OC0zNDM2M2JjN2M0YzAiOnsiY3JlYXRlIjo2MDAwMDAwMDAwMDAsInJlYWQiOjI0MDAwMDAwMDAwMCwidXBkYXRlIjoyNDAwMDAwMDAwMDB9LCJzY2hlbWFfdmVyc2lvbiI6IjEifQ=="
        }
      ]
    },
    {
      "module": "module.upload_to_bigquery_function",
      "mode": "data",
      "type": "archive_file",
      "name": "source",
      "provider": "provider[\"registry.terraform.io/hashicorp/archive\"]",
      "instances": [
        {
          "schema_version": 0,
          "attributes": {
            "exclude_symlink_directories": null,
            "excludes": null,
            "id": "391c39c45d93f0b9e2c95575e889196247c09dd8",
            "output_base64sha256": "GIc0I1pexlBZYL76pUtcW+edNdRq3yKUJUO/MGAIyCY=",
            "output_base64sha512": "5zMr1KVvQyHgcfCGKEN3i7abDt6St3Dz/yVcNsmPXVOoCJTxYo0qNk0q5fBwIr+O55qxnjp3v7NASWD4y6D9kQ==",
            "output_file_mode": null,
            "output_md5": "a41f9ac814e42539cbf7fbe4679a1188",
            "output_path": "./tmp/function_upload_to_bigquery/function.zip",
            "output_sha": "391c39c45d93f0b9e2c95575e889196247c09dd8",
            "output_sha256": "188734235a5ec6505960befaa54b5c5be79d35d46adf22942543bf306008c826",
            "output_sha512": "e7332bd4a56f4321e071f0862843778bb69b0ede92b770f3ff255c36c98f5d53a80894f1628d2a364d2ae5f07022bf8ee79ab19e3a77bfb3404960f8cba0fd91",
            "output_size": 917,
            "source": [],
            "source_content": null,
            "source_content_filename": null,
            "source_dir": "./src/function/src_upload_to_bigquery",
            "source_file": null,
            "type": "zip"
          },
          "sensitive_attributes": []
        }
      ]
    },
    {
      "module": "module.upload_to_bigquery_function",
      "mode": "managed",
      "type": "google_cloudfunctions2_function",
      "name": "function",
      "provider": "provider[\"registry.terraform.io/hashicorp/google\"]",
      "instances": [
        {
          "schema_version": 0,
          "attributes": {
            "build_config": [
              {
                "build": "projects/868991266432/locations/europe-west3/builds/5f97b0e3-340f-45cb-b81c-d51de73a3907",
                "docker_repository": "",
                "entry_point": "upload_parquet_to_bigquery",
                "environment_variables": {},
                "runtime": "python311",
                "source": [
                  {
                    "repo_source": [],
                    "storage_source": [
                      {
                        "bucket": "storage_cloud_function",
                        "generation": 1702809921648104,
                        "object": "src-a41f9ac814e42539cbf7fbe4679a1188.zip"
                      }
                    ]
                  }
                ],
                "worker_pool": ""
              }
            ],
            "description": "Triggered by a HTTP event",
            "effective_labels": {},
            "environment": "GEN_2",
            "event_trigger": [
              {
                "event_filters": [
                  {
                    "attribute": "bucket",
                    "operator": "",
                    "value": "crime_processed_data"
                  }
                ],
                "event_type": "google.cloud.storage.object.v1.finalized",
                "pubsub_topic": "projects/nodale/topics/eventarc-europe-west3-upload-to-bigquery-function-631845-905",
                "retry_policy": "RETRY_POLICY_RETRY",
                "service_account_email": "868991266432-compute@developer.gserviceaccount.com",
                "trigger": "projects/nodale/locations/europe-west3/triggers/upload-to-bigquery-function-631845",
                "trigger_region": "europe-west3"
              }
            ],
            "id": "projects/nodale/locations/europe-west3/functions/upload-to-bigquery-function",
            "kms_key_name": "",
            "labels": {},
            "location": "europe-west3",
            "name": "upload-to-bigquery-function",
            "project": "nodale",
            "service_config": [
              {
                "all_traffic_on_latest_revision": true,
                "available_cpu": "0.1666",
                "available_memory": "256M",
                "environment_variables": {},
                "gcf_uri": "",
                "ingress_settings": "ALLOW_ALL",
                "max_instance_count": 100,
                "max_instance_request_concurrency": 1,
                "min_instance_count": 0,
                "secret_environment_variables": [],
                "secret_volumes": [],
                "service": "projects/nodale/locations/europe-west3/services/upload-to-bigquery-function",
                "service_account_email": "868991266432-compute@developer.gserviceaccount.com",
                "timeout_seconds": 60,
                "uri": "https://upload-to-bigquery-function-e6w5lvbsda-ey.a.run.app",
                "vpc_connector": "",
                "vpc_connector_egress_settings": ""
              }
            ],
            "state": "ACTIVE",
            "terraform_labels": {},
            "timeouts": null,
            "update_time": "2023-12-17T10:45:52.096856155Z",
            "url": "https://europe-west3-nodale.cloudfunctions.net/upload-to-bigquery-function"
          },
          "sensitive_attributes": [],
          "private": "eyJlMmJmYjczMC1lY2FhLTExZTYtOGY4OC0zNDM2M2JjN2M0YzAiOnsiY3JlYXRlIjozNjAwMDAwMDAwMDAwLCJkZWxldGUiOjM2MDAwMDAwMDAwMDAsInVwZGF0ZSI6MzYwMDAwMDAwMDAwMH19",
          "dependencies": [
            "module.pubsub_start.google_pubsub_topic.topic",
            "module.storage_cloud_function.google_storage_bucket.function_bucket",
            "module.storage_crime_processed.google_storage_bucket.function_bucket",
            "module.upload_to_bigquery_function.data.archive_file.source",
            "module.upload_to_bigquery_function.google_storage_bucket_object.zip"
          ]
        }
      ]
    },
    {
      "module": "module.upload_to_bigquery_function",
      "mode": "managed",
      "type": "google_storage_bucket_object",
      "name": "zip",
      "provider": "provider[\"registry.terraform.io/hashicorp/google\"]",
      "instances": [
        {
          "schema_version": 0,
          "attributes": {
            "bucket": "storage_cloud_function",
            "cache_control": "",
            "content": null,
            "content_disposition": "",
            "content_encoding": "",
            "content_language": "",
            "content_type": "application/zip",
            "crc32c": "QpUS+Q==",
            "customer_encryption": [],
            "detect_md5hash": "pB+ayBTkJTnL9/vkZ5oRiA==",
            "event_based_hold": false,
            "id": "storage_cloud_function-src-a41f9ac814e42539cbf7fbe4679a1188.zip",
            "kms_key_name": "",
            "md5hash": "pB+ayBTkJTnL9/vkZ5oRiA==",
            "media_link": "https://storage.googleapis.com/download/storage/v1/b/storage_cloud_function/o/src-a41f9ac814e42539cbf7fbe4679a1188.zip?generation=1702809751440287\u0026alt=media",
            "metadata": {},
            "name": "src-a41f9ac814e42539cbf7fbe4679a1188.zip",
            "output_name": "src-a41f9ac814e42539cbf7fbe4679a1188.zip",
            "retention": [],
            "self_link": "https://www.googleapis.com/storage/v1/b/storage_cloud_function/o/src-a41f9ac814e42539cbf7fbe4679a1188.zip",
            "source": "./tmp/function_upload_to_bigquery/function.zip",
            "storage_class": "STANDARD",
            "temporary_hold": false,
            "timeouts": null
          },
          "sensitive_attributes": [],
          "private": "eyJlMmJmYjczMC1lY2FhLTExZTYtOGY4OC0zNDM2M2JjN2M0YzAiOnsiY3JlYXRlIjoyNDAwMDAwMDAwMDAsImRlbGV0ZSI6MjQwMDAwMDAwMDAwLCJ1cGRhdGUiOjI0MDAwMDAwMDAwMH19",
          "dependencies": [
            "module.storage_cloud_function.google_storage_bucket.function_bucket",
            "module.upload_to_bigquery_function.data.archive_file.source"
          ]
        }
      ]
    }
  ],
  "check_results": null
}
